NeoBundleLock caw.vim 8a85fa8ff26ea60afd4bf9400cfc2263be127d51
NeoBundleLock cpp-vim 414a8ae787b1d6e4b6a5782875734c0563bd8933
NeoBundleLock github-complete.vim 527b25ce6c9c3690cd45a15c348fcbd7d962f4cd
NeoBundleLock lightline.vim 7b79f2ac354184861e9cf9cad4a2b18def8f50b3
NeoBundleLock neobundle.vim 88951d60547595606ea0ca8f28f643d2506f2714
NeoBundleLock neoinclude.vim bde15125b87a61d132af1ba5ae5915dbab68855e
NeoBundleLock nerdtree eee431dbd44111c858c6d33ffd366cae1f17f8b3
NeoBundleLock open-browser.vim e2bfabfc758351ee3087d4c697d1953660d943ee
NeoBundleLock previm e9967c225ddbcc67b45f6de7d3e2c5c656ef8fb6
NeoBundleLock taglist.vim 53041fbc45398a9af631a20657e109707a455339
NeoBundleLock vim-alignta cb3d593c48d7d3aef829b5aff49ddade24417a9f
NeoBundleLock vim-clang 0076e0c64baa71c1c1f404e6a500e45190cdad5c
NeoBundleLock vim-cpp-enhanced-highlight 63072927d28348864a0372f5d091ff9585535ff3
NeoBundleLock vim-fugitive b754bc2031f21a532c083dd0d072ba373bbe3a37
NeoBundleLock vim-gitgutter 1742a8f568df549f4daeda90174b54d0c371501f
NeoBundleLock vim-indent-guides 018298ead9d3aa9cd3b4ae222f81022a33978b09
NeoBundleLock vim-ref b45d10f6d0c82e3afd17774626e952fde03274a1
NeoBundleLock vim-submode d44a302b3ca97c8014c35c93893ca8fec0b95e4e
NeoBundleLock vim-vimstreamer 2e0a4fca9f71cf9b4b0ad167b73752e94e10ce51
NeoBundleLock vimproc 25cb83f24edec4aec1e9f1329302235e7a7a7fe0
NeoBundleLock wandbox-vim cc1f396de46c43f53eb4b2186d3f6ba75f60c549
